
Microsoft Visual Studio Solution File, Format Version 12.00
# Visual Studio Version 16
VisualStudioVersion = 16.0.29102.190
MinimumVisualStudioVersion = 10.0.40219.1
Project("{FAE04EC0-301F-11D3-BF4B-00C04F79EFBC}") = "WebApplication5", "WebApplication5\WebApplication5.csproj", "{A9A81621-D552-4138-AAD9-5BBAD890BBAA}"
EndProject
Global
	GlobalSection(SolutionConfigurationPlatforms) = preSolution
		Debug|Any CPU = Debug|Any CPU
		Release|Any CPU = Release|Any CPU
	EndGlobalSection
	GlobalSection(ProjectConfigurationPlatforms) = postSolution
		{A9A81621-D552-4138-AAD9-5BBAD890BBAA}.Debug|Any CPU.ActiveCfg = Debug|Any CPU
		{A9A81621-D552-4138-AAD9-5BBAD890BBAA}.Debug|Any CPU.Build.0 = Debug|Any CPU
		{A9A81621-D552-4138-AAD9-5BBAD890BBAA}.Release|Any CPU.ActiveCfg = Release|Any CPU
		{A9A81621-D552-4138-AAD9-5BBAD890BBAA}.Release|Any CPU.Build.0 = Release|Any CPU
	EndGlobalSection
	GlobalSection(SolutionProperties) = preSolution
		HideSolutionNode = FALSE
	EndGlobalSection
	GlobalSection(ExtensibilityGlobals) = postSolution
		SolutionGuid = {815EADE4-48D1-4895-95CB-AB8798DD7C16}
	EndGlobalSection
EndGlobal
